// !$*UTF8*$!
{
	archiveVersion = 1;
	classes = {
	};
	objectVersion = 50;
	objects = {

/* Begin PBXBuildFile section */
		8066BA8526BC02CA00477C25 /* Rock__Paper__ScissorsApp.swift in Sources */ = {isa = PBXBuildFile; fileRef = 8066BA8426BC02CA00477C25 /* Rock__Paper__ScissorsApp.swift */; };
		8066BA8726BC02CA00477C25 /* ContentView.swift in Sources */ = {isa = PBXBuildFile; fileRef = 8066BA8626BC02CA00477C25 /* ContentView.swift */; };
		8066BA8926BC02CC00477C25 /* Assets.xcassets in Resources */ = {isa = PBXBuildFile; fileRef = 8066BA8826BC02CC00477C25 /* Assets.xcassets */; };
		8066BA8C26BC02CC00477C25 /* Preview Assets.xcassets in Resources */ = {isa = PBXBuildFile; fileRef = 8066BA8B26BC02CC00477C25 /* Preview Assets.xcassets */; };
/* End PBXBuildFile section */

/* Begin PBXFileReference section */
		8066BA8126BC02CA00477C25 /* Rock, Paper, Scissors.app */ = {isa = PBXFileReference; explicitFileType = wrapper.application; includeInIndex = 0; path = "Rock, Paper, Scissors.app"; sourceTree = BUILT_PRODUCTS_DIR; };
		8066BA8426BC02CA00477C25 /* Rock__Paper__ScissorsApp.swift */ = {isa = PBXFileReference; lastKnownFileType = sourcecode.swift; path = Rock__Paper__ScissorsApp.swift; sourceTree = "<group>"; };
		8066BA8626BC02CA00477C25 /* ContentView.swift */ = {isa = PBXFileReference; lastKnownFileType = sourcecode.swift; path = ContentView.swift; sourceTree = "<group>"; };
		8066BA8826BC02CC00477C25 /* Assets.xcassets */ = {isa = PBXFileReference; lastKnownFileType = folder.assetcatalog; path = Assets.xcassets; sourceTree = "<group>"; };
		8066BA8B26BC02CC00477C25 /* Preview Assets.xcassets */ = {isa = PBXFileReference; lastKnownFileType = folder.assetcatalog; path = "Preview Assets.xcassets"; sourceTree = "<group>"; };
		8066BA8D26BC02CC00477C25 /* Info.plist */ = {isa = PBXFileReference; lastKnownFileType = text.plist.xml; path = Info.plist; sourceTree = "<group>"; };
/* End PBXFileReference section */

/* Begin PBXFrameworksBuildPhase section */
		8066BA7E26BC02CA00477C25 /* Frameworks */ = {
			isa = PBXFrameworksBuildPhase;
			buildActionMask = 2147483647;
			files = (
			);
			runOnlyForDeploymentPostprocessing = 0;
		};
/* End PBXFrameworksBuildPhase section */

/* Begin PBXGroup section */
		8066BA7826BC02CA00477C25 = {
			isa = PBXGroup;
			children = (
				8066BA8326BC02CA00477C25 /* Rock, Paper, Scissors */,
				8066BA8226BC02CA00477C25 /* Products */,
			);
			sourceTree = "<group>";
		};
		8066BA8226BC02CA00477C25 /* Products */ = {
			isa = PBXGroup;
			children = (
				8066BA8126BC02CA00477C25 /* Rock, Paper, Scissors.app */,
			);
			name = Products;
			sourceTree = "<group>";
		};
		8066BA8326BC02CA00477C25 /* Rock, Paper, Scissors */ = {
			isa = PBXGroup;
			children = (
				8066BA8426BC02CA00477C25 /* Rock__Paper__ScissorsApp.swift */,
				8066BA8626BC02CA00477C25 /* ContentView.swift */,
				8066BA8826BC02CC00477C25 /* Assets.xcassets */,
				8066BA8D26BC02CC00477C25 /* Info.plist */,
				8066BA8A26BC02CC00477C25 /* Preview Content */,
			);
			path = "Rock, Paper, Scissors";
			sourceTree = "<group>";
		};
		8066BA8A26BC02CC00477C25 /* Preview Content */ = {
			isa = PBXGroup;
			children = (
				8066BA8B26BC02CC00477C25 /* Preview Assets.xcassets */,
			);
			path = "Preview Content";
			sourceTree = "<group>";
		};
/* End PBXGroup section */

/* Begin PBXNativeTarget section */
		8066BA8026BC02CA00477C25 /* Rock, Paper, Scissors */ = {
			isa = PBXNativeTarget;
			buildConfigurationList = 8066BA9026BC02CC00477C25 /* Build configuration list for PBXNativeTarget "Rock, Paper, Scissors" */;
			buildPhases = (
				8066BA7D26BC02CA00477C25 /* Sources */,
				8066BA7E26BC02CA00477C25 /* Frameworks */,
				8066BA7F26BC02CA00477C25 /* Resources */,
			);
			buildRules = (
			);
			dependencies = (
			);
			name = "Rock, Paper, Scissors";
			productName = "Rock, Paper, Scissors";
			productReference = 8066BA8126BC02CA00477C25 /* Rock, Paper, Scissors.app */;
			productType = "com.apple.product-type.application";
		};
/* End PBXNativeTarget section */

/* Begin PBXProject section */
		8066BA7926BC02CA00477C25 /* Project object */ = {
			isa = PBXProject;
			attributes = {
				LastSwiftUpdateCheck = 1250;
				LastUpgradeCheck = 1250;
				TargetAttributes = {
					8066BA8026BC02CA00477C25 = {
						CreatedOnToolsVersion = 12.5.1;
					};
				};
			};
			buildConfigurationList = 8066BA7C26BC02CA00477C25 /* Build configuration list for PBXProject "Rock, Paper, Scissors" */;
			compatibilityVersion = "Xcode 9.3";
			developmentRegion = en;
			hasScannedForEncodings = 0;
			knownRegions = (
				en,
				Base,
			);
			mainGroup = 8066BA7826BC02CA00477C25;
			productRefGroup = 8066BA8226BC02CA00477C25 /* Products */;
			projectDirPath = "";
			projectRoot = "";
			targets = (
				8066BA8026BC02CA00477C25 /* Rock, Paper, Scissors */,
			);
		};
/* End PBXProject section */

/* Begin PBXResourcesBuildPhase section */
		8066BA7F26BC02CA00477C25 /* Resources */ = {
			isa = PBXResourcesBuildPhase;
			buildActionMask = 2147483647;
			files = (
				8066BA8C26BC02CC00477C25 /* Preview Assets.xcassets in Resources */,
				8066BA8926BC02CC00477C25 /* Assets.xcassets in Resources */,
			);
			runOnlyForDeploymentPostprocessing = 0;
		};
/* End PBXResourcesBuildPhase section */

/* Begin PBXSourcesBuildPhase section */
		8066BA7D26BC02CA00477C25 /* Sources */ = {
			isa = PBXSourcesBuildPhase;
			buildActionMask = 2147483647;
			files = (
				8066BA8726BC02CA00477C25 /* ContentView.swift in Sources */,
				8066BA8526BC02CA00477C25 /* Rock__Paper__ScissorsApp.swift in Sources */,
			);
			runOnlyForDeploymentPostprocessing = 0;
		};
/* End PBXSourcesBuildPhase section */

/* Begin XCBuildConfiguration section */
		8066BA8E26BC02CC00477C25 /* Debug */ = {
			isa = XCBuildConfiguration;
			buildSettings = {
				ALWAYS_SEARCH_USER_PATHS = NO;
				CLANG_ANALYZER_NONNULL = YES;
				CLANG_ANALYZER_NUMBER_OBJECT_CONVERSION = YES_AGGRESSIVE;
				CLANG_CXX_LANGUAGE_STANDARD = "gnu++14";
				CLANG_CXX_LIBRARY = "libc++";
				CLANG_ENABLE_MODULES = YES;
				CLANG_ENABLE_OBJC_ARC = YES;
				CLANG_ENABLE_OBJC_WEAK = YES;
				CLANG_WARN_BLOCK_CAPTURE_AUTORELEASING = YES;
				CLANG_WARN_BOOL_CONVERSION = YES;
				CLANG_WARN_COMMA = YES;
				CLANG_WARN_CONSTANT_CONVERSION = YES;
				CLANG_WARN_DEPRECATED_OBJC_IMPLEMENTATIONS = YES;
				CLANG_WARN_DIRECT_OBJC_ISA_USAGE = YES_ERROR;
				CLANG_WARN_DOCUMENTATION_COMMENTS = YES;
				CLANG_WARN_EMPTY_BODY = YES;
				CLANG_WARN_ENUM_CONVERSION = YES;
				CLANG_WARN_INFINITE_RECURSION = YES;
				CLANG_WARN_INT_CONVERSION = YES;
				CLANG_WARN_NON_LITERAL_NULL_CONVERSION = YES;
				CLANG_WARN_OBJC_IMPLICIT_RETAIN_SELF = YES;
				CLANG_WARN_OBJC_LITERAL_CONVERSION = YES;
				CLANG_WARN_OBJC_ROOT_CLASS = YES_ERROR;
				CLANG_WARN_QUOTED_INCLUDE_IN_FRAMEWORK_HEADER = YES;
				CLANG_WARN_RANGE_LOOP_ANALYSIS = YES;
				CLANG_WARN_STRICT_PROTOTYPES = YES;
				CLANG_WARN_SUSPICIOUS_MOVE = YES;
				CLANG_WARN_UNGUARDED_AVAILABILITY = YES_AGGRESSIVE;
				CLANG_WARN_UNREACHABLE_CODE = YES;
				CLANG_WARN__DUPLICATE_METHOD_MATCH = YES;
				COPY_PHASE_STRIP = NO;
				DEBUG_INFORMATION_FORMAT = dwarf;
				ENABLE_STRICT_OBJC_MSGSEND = YES;
				ENABLE_TESTABILITY = YES;
				GCC_C_LANGUAGE_STANDARD = gnu11;
				GCC_DYNAMIC_NO_PIC = NO;
				GCC_NO_COMMON_BLOCKS = YES;
				GCC_OPTIMIZATION_LEVEL = 0;
				GCC_PREPROCESSOR_DEFINITIONS = (
					"DEBUG=1",
					"$(inherited)",
				);
				GCC_WARN_64_TO_32_BIT_CONVERSION = YES;
				GCC_WARN_ABOUT_RETURN_TYPE = YES_ERROR;
				GCC_WARN_UNDECLARED_SELECTOR = YES;
				GCC_WARN_UNINITIALIZED_AUTOS = YES_AGGRESSIVE;
				GCC_WARN_UNUSED_FUNCTION = YES;
				GCC_WARN_UNUSED_VARIABLE = YES;
				IPHONEOS_DEPLOYMENT_TARGET = 14.5;
				MTL_ENABLE_DEBUG_INFO = INCLUDE_SOURCE;
				MTL_FAST_MATH = YES;
				ONLY_ACTIVE_ARCH = YES;
				SDKROOT = iphoneos;
				SWIFT_ACTIVE_COMPILATION_CONDITIONS = DEBUG;
				SWIFT_OPTIMIZATION_LEVEL = "-Onone";
			};
			name = Debug;
		};
		8066BA8F26BC02CC00477C25 /* Release */ = {
			isa = XCBuildConfiguration;
			buildSettings = {
				ALWAYS_SEARCH_USER_PATHS = NO;
				CLANG_ANALYZER_NONNULL = YES;
				CLANG_ANALYZER_NUMBER_OBJECT_CONVERSION = YES_AGGRESSIVE;
				CLANG_CXX_LANGUAGE_STANDARD = "gnu++14";
				CLANG_CXX_LIBRARY = "libc++";
				CLANG_ENABLE_MODULES = YES;
				CLANG_ENABLE_OBJC_ARC = YES;
				CLANG_ENABLE_OBJC_WEAK = YES;
				CLANG_WARN_BLOCK_CAPTURE_AUTORELEASING = YES;
				CLANG_WARN_BOOL_CONVERSION = YES;
				CLANG_WARN_COMMA = YES;
				CLANG_WARN_CONSTANT_CONVERSION = YES;
				CLANG_WARN_DEPRECATED_OBJC_IMPLEMENTATIONS = YES;
				CLANG_WARN_DIRECT_OBJC_ISA_USAGE = YES_ERROR;
				CLANG_WARN_DOCUMENTATION_COMMENTS = YES;
				CLANG_WARN_EMPTY_BODY = YES;
				CLANG_WARN_ENUM_CONVERSION = YES;
				CLANG_WARN_INFINITE_RECURSION = YES;
				CLANG_WARN_INT_CONVERSION = YES;
				CLANG_WARN_NON_LITERAL_NULL_CONVERSION = YES;
				CLANG_WARN_OBJC_IMPLICIT_RETAIN_SELF = YES;
				CLANG_WARN_OBJC_LITERAL_CONVERSION = YES;
				CLANG_WARN_OBJC_ROOT_CLASS = YES_ERROR;
				CLANG_WARN_QUOTED_INCLUDE_IN_FRAMEWORK_HEADER = YES;
				CLANG_WARN_RANGE_LOOP_ANALYSIS = YES;
				CLANG_WARN_STRICT_PROTOTYPES = YES;
				CLANG_WARN_SUSPICIOUS_MOVE = YES;
				CLANG_WARN_UNGUARDED_AVAILABILITY = YES_AGGRESSIVE;
				CLANG_WARN_UNREACHABLE_CODE = YES;
				CLANG_WARN__DUPLICATE_METHOD_MATCH = YES;
				COPY_PHASE_STRIP = NO;
				DEBUG_INFORMATION_FORMAT = "dwarf-with-dsym";
				ENABLE_NS_ASSERTIONS = NO;
				ENABLE_STRICT_OBJC_MSGSEND = YES;
				GCC_C_LANGUAGE_STANDARD = gnu11;
				GCC_NO_COMMON_BLOCKS = YES;
				GCC_WARN_64_TO_32_BIT_CONVERSION = YES;
				GCC_WARN_ABOUT_RETURN_TYPE = YES_ERROR;
				GCC_WARN_UNDECLARED_SELECTOR = YES;
				GCC_WARN_UNINITIALIZED_AUTOS = YES_AGGRESSIVE;
				GCC_WARN_UNUSED_FUNCTION = YES;
				GCC_WARN_UNUSED_VARIABLE = YES;
				IPHONEOS_DEPLOYMENT_TARGET = 14.5;
				MTL_ENABLE_DEBUG_INFO = NO;
				MTL_FAST_MATH = YES;
				SDKROOT = iphoneos;
				SWIFT_COMPILATION_MODE = wholemodule;
				SWIFT_OPTIMIZATION_LEVEL = "-O";
				VALIDATE_PRODUCT = YES;
			};
			name = Release;
		};
		8066BA9126BC02CC00477C25 /* Debug */ = {
			isa = XCBuildConfiguration;
			buildSettings = {
				ASSETCATALOG_COMPILER_APPICON_NAME = AppIcon;
				ASSETCATALOG_COMPILER_GLOBAL_ACCENT_COLOR_NAME = AccentColor;
				CODE_SIGN_STYLE = Automatic;
				DEVELOPMENT_ASSET_PATHS = "\"Rock, Paper, Scissors/Preview Content\"";
				DEVELOPMENT_TEAM = SJCKASAYS2;
				ENABLE_PREVIEWS = YES;
				INFOPLIST_FILE = "Rock, Paper, Scissors/Info.plist";
				IPHONEOS_DEPLOYMENT_TARGET = 14.0;
				LD_RUNPATH_SEARCH_PATHS = (
					"$(inherited)",
					"@executable_path/Frameworks",
				);
				PRODUCT_BUNDLE_IDENTIFIER = "com.ash.Rock--Paper--Scissors";
				PRODUCT_NAME = "$(TARGET_NAME)";
				SWIFT_VERSION = 5.0;
				TARGETED_DEVICE_FAMILY = "1,2";
			};
			name = Debug;
		};
		8066BA9226BC02CC00477C25 /* Release */ = {
			isa = XCBuildConfiguration;
			buildSettings = {
				ASSETCATALOG_COMPILER_APPICON_NAME = AppIcon;
				ASSETCATALOG_COMPILER_GLOBAL_ACCENT_COLOR_NAME = AccentColor;
				CODE_SIGN_STYLE = Automatic;
				DEVELOPMENT_ASSET_PATHS = "\"Rock, Paper, Scissors/Preview Content\"";
				DEVELOPMENT_TEAM = SJCKASAYS2;
				ENABLE_PREVIEWS = YES;
				INFOPLIST_FILE = "Rock, Paper, Scissors/Info.plist";
				IPHONEOS_DEPLOYMENT_TARGET = 14.0;
				LD_RUNPATH_SEARCH_PATHS = (
					"$(inherited)",
					"@executable_path/Frameworks",
				);
				PRODUCT_BUNDLE_IDENTIFIER = "com.ash.Rock--Paper--Scissors";
				PRODUCT_NAME = "$(TARGET_NAME)";
				SWIFT_VERSION = 5.0;
				TARGETED_DEVICE_FAMILY = "1,2";
			};
			name = Release;
		};
/* End XCBuildConfiguration section */

/* Begin XCConfigurationList section */
		8066BA7C26BC02CA00477C25 /* Build configuration list for PBXProject "Rock, Paper, Scissors" */ = {
			isa = XCConfigurationList;
			buildConfigurations = (
				8066BA8E26BC02CC00477C25 /* Debug */,
				8066BA8F26BC02CC00477C25 /* Release */,
			);
			defaultConfigurationIsVisible = 0;
			defaultConfigurationName = Release;
		};
		8066BA9026BC02CC00477C25 /* Build configuration list for PBXNativeTarget "Rock, Paper, Scissors" */ = {
			isa = XCConfigurationList;
			buildConfigurations = (
				8066BA9126BC02CC00477C25 /* Debug */,
				8066BA9226BC02CC00477C25 /* Release */,
			);
			defaultConfigurationIsVisible = 0;
			defaultConfigurationName = Release;
		};
/* End XCConfigurationList section */
	};
	rootObject = 8066BA7926BC02CA00477C25 /* Project object */;
}
